// !$*UTF8*$!
{
	archiveVersion = 1;
	classes = {
	};
	objectVersion = 46;
	objects = {

/* Begin PBXBuildFile section */
		938B2EB9EEBF47A10B7BE1C1 /* Pods_ADSlidePanelsDemo.framework in Frameworks */ = {isa = PBXBuildFile; fileRef = A83CBAB6E33F59B42DD30391 /* Pods_ADSlidePanelsDemo.framework */; };
		DF8FB5DB1E35545B002322CB /* AppDelegate.swift in Sources */ = {isa = PBXBuildFile; fileRef = DF8FB5DA1E35545B002322CB /* AppDelegate.swift */; };
		DF8FB5DD1E35545B002322CB /* ViewController.swift in Sources */ = {isa = PBXBuildFile; fileRef = DF8FB5DC1E35545B002322CB /* ViewController.swift */; };
		DF8FB5E01E35545B002322CB /* Main.storyboard in Resources */ = {isa = PBXBuildFile; fileRef = DF8FB5DE1E35545B002322CB /* Main.storyboard */; };
		DF8FB5E21E35545B002322CB /* Assets.xcassets in Resources */ = {isa = PBXBuildFile; fileRef = DF8FB5E11E35545B002322CB /* Assets.xcassets */; };
		DF8FB5E51E35545B002322CB /* LaunchScreen.storyboard in Resources */ = {isa = PBXBuildFile; fileRef = DF8FB5E31E35545B002322CB /* LaunchScreen.storyboard */; };
/* End PBXBuildFile section */

/* Begin PBXFileReference section */
		93EE0B00DE78886C253936F5 /* Pods-ADSlidePanelsDemo.release.xcconfig */ = {isa = PBXFileReference; includeInIndex = 1; lastKnownFileType = text.xcconfig; name = "Pods-ADSlidePanelsDemo.release.xcconfig"; path = "Pods/Target Support Files/Pods-ADSlidePanelsDemo/Pods-ADSlidePanelsDemo.release.xcconfig"; sourceTree = "<group>"; };
		A83CBAB6E33F59B42DD30391 /* Pods_ADSlidePanelsDemo.framework */ = {isa = PBXFileReference; explicitFileType = wrapper.framework; includeInIndex = 0; path = Pods_ADSlidePanelsDemo.framework; sourceTree = BUILT_PRODUCTS_DIR; };
		DF8FB5D71E35545B002322CB /* ADSlidePanelsDemo.app */ = {isa = PBXFileReference; explicitFileType = wrapper.application; includeInIndex = 0; path = ADSlidePanelsDemo.app; sourceTree = BUILT_PRODUCTS_DIR; };
		DF8FB5DA1E35545B002322CB /* AppDelegate.swift */ = {isa = PBXFileReference; lastKnownFileType = sourcecode.swift; path = AppDelegate.swift; sourceTree = "<group>"; };
		DF8FB5DC1E35545B002322CB /* ViewController.swift */ = {isa = PBXFileReference; lastKnownFileType = sourcecode.swift; path = ViewController.swift; sourceTree = "<group>"; };
		DF8FB5DF1E35545B002322CB /* Base */ = {isa = PBXFileReference; lastKnownFileType = file.storyboard; name = Base; path = Base.lproj/Main.storyboard; sourceTree = "<group>"; };
		DF8FB5E11E35545B002322CB /* Assets.xcassets */ = {isa = PBXFileReference; lastKnownFileType = folder.assetcatalog; path = Assets.xcassets; sourceTree = "<group>"; };
		DF8FB5E41E35545B002322CB /* Base */ = {isa = PBXFileReference; lastKnownFileType = file.storyboard; name = Base; path = Base.lproj/LaunchScreen.storyboard; sourceTree = "<group>"; };
		DF8FB5E61E35545B002322CB /* Info.plist */ = {isa = PBXFileReference; lastKnownFileType = text.plist.xml; path = Info.plist; sourceTree = "<group>"; };
		FA683BDCC11676A5D0E50B12 /* Pods-ADSlidePanelsDemo.debug.xcconfig */ = {isa = PBXFileReference; includeInIndex = 1; lastKnownFileType = text.xcconfig; name = "Pods-ADSlidePanelsDemo.debug.xcconfig"; path = "Pods/Target Support Files/Pods-ADSlidePanelsDemo/Pods-ADSlidePanelsDemo.debug.xcconfig"; sourceTree = "<group>"; };
/* End PBXFileReference section */

/* Begin PBXFrameworksBuildPhase section */
		DF8FB5D41E35545B002322CB /* Frameworks */ = {
			isa = PBXFrameworksBuildPhase;
			buildActionMask = 2147483647;
			files = (
				938B2EB9EEBF47A10B7BE1C1 /* Pods_ADSlidePanelsDemo.framework in Frameworks */,
			);
			runOnlyForDeploymentPostprocessing = 0;
		};
/* End PBXFrameworksBuildPhase section */

/* Begin PBXGroup section */
		09F9A7CFBC88066B7D4A13AE /* Frameworks */ = {
			isa = PBXGroup;
			children = (
				A83CBAB6E33F59B42DD30391 /* Pods_ADSlidePanelsDemo.framework */,
			);
			name = Frameworks;
			sourceTree = "<group>";
		};
		7953DE30CE1761B9A4BB853B /* Pods */ = {
			isa = PBXGroup;
			children = (
				FA683BDCC11676A5D0E50B12 /* Pods-ADSlidePanelsDemo.debug.xcconfig */,
				93EE0B00DE78886C253936F5 /* Pods-ADSlidePanelsDemo.release.xcconfig */,
			);
			name = Pods;
			sourceTree = "<group>";
		};
		DF8FB5CE1E35545B002322CB = {
			isa = PBXGroup;
			children = (
				DF8FB5D91E35545B002322CB /* ADSlidePanelsDemo */,
				DF8FB5D81E35545B002322CB /* Products */,
				7953DE30CE1761B9A4BB853B /* Pods */,
				09F9A7CFBC88066B7D4A13AE /* Frameworks */,
			);
			sourceTree = "<group>";
		};
		DF8FB5D81E35545B002322CB /* Products */ = {
			isa = PBXGroup;
			children = (
				DF8FB5D71E35545B002322CB /* ADSlidePanelsDemo.app */,
			);
			name = Products;
			sourceTree = "<group>";
		};
		DF8FB5D91E35545B002322CB /* ADSlidePanelsDemo */ = {
			isa = PBXGroup;
			children = (
				DF8FB5DA1E35545B002322CB /* AppDelegate.swift */,
				DF8FB5DC1E35545B002322CB /* ViewController.swift */,
				DF8FB5DE1E35545B002322CB /* Main.storyboard */,
				DF8FB5E11E35545B002322CB /* Assets.xcassets */,
				DF8FB5E31E35545B002322CB /* LaunchScreen.storyboard */,
				DF8FB5E61E35545B002322CB /* Info.plist */,
			);
			path = ADSlidePanelsDemo;
			sourceTree = "<group>";
		};
/* End PBXGroup section */

/* Begin PBXNativeTarget section */
		DF8FB5D61E35545B002322CB /* ADSlidePanelsDemo */ = {
			isa = PBXNativeTarget;
			buildConfigurationList = DF8FB5E91E35545C002322CB /* Build configuration list for PBXNativeTarget "ADSlidePanelsDemo" */;
			buildPhases = (
				90B514396EE6EF6575835631 /* [CP] Check Pods Manifest.lock */,
				DF8FB5D31E35545B002322CB /* Sources */,
				DF8FB5D41E35545B002322CB /* Frameworks */,
				DF8FB5D51E35545B002322CB /* Resources */,
				85A8CBB38911B16D139579C6 /* [CP] Embed Pods Frameworks */,
				2B2291A7717F070610D50E6E /* [CP] Copy Pods Resources */,
			);
			buildRules = (
			);
			dependencies = (
			);
			name = ADSlidePanelsDemo;
			productName = ADSlidePanelsDemo;
			productReference = DF8FB5D71E35545B002322CB /* ADSlidePanelsDemo.app */;
			productType = "com.apple.product-type.application";
		};
/* End PBXNativeTarget section */

/* Begin PBXProject section */
		DF8FB5CF1E35545B002322CB /* Project object */ = {
			isa = PBXProject;
			attributes = {
				LastSwiftUpdateCheck = 0820;
				LastUpgradeCheck = 0820;
				ORGANIZATIONNAME = "Aniruddha Das";
				TargetAttributes = {
					DF8FB5D61E35545B002322CB = {
						CreatedOnToolsVersion = 8.2.1;
						ProvisioningStyle = Automatic;
					};
				};
			};
			buildConfigurationList = DF8FB5D21E35545B002322CB /* Build configuration list for PBXProject "ADSlidePanelsDemo" */;
			compatibilityVersion = "Xcode 3.2";
			developmentRegion = English;
			hasScannedForEncodings = 0;
			knownRegions = (
				en,
				Base,
			);
			mainGroup = DF8FB5CE1E35545B002322CB;
			productRefGroup = DF8FB5D81E35545B002322CB /* Products */;
			projectDirPath = "";
			projectRoot = "";
			targets = (
				DF8FB5D61E35545B002322CB /* ADSlidePanelsDemo */,
			);
		};
/* End PBXProject section */

/* Begin PBXResourcesBuildPhase section */
		DF8FB5D51E35545B002322CB /* Resources */ = {
			isa = PBXResourcesBuildPhase;
			buildActionMask = 2147483647;
			files = (
				DF8FB5E51E35545B002322CB /* LaunchScreen.storyboard in Resources */,
				DF8FB5E21E35545B002322CB /* Assets.xcassets in Resources */,
				DF8FB5E01E35545B002322CB /* Main.storyboard in Resources */,
			);
			runOnlyForDeploymentPostprocessing = 0;
		};
/* End PBXResourcesBuildPhase section */

/* Begin PBXShellScriptBuildPhase section */
		2B2291A7717F070610D50E6E /* [CP] Copy Pods Resources */ = {
			isa = PBXShellScriptBuildPhase;
			buildActionMask = 2147483647;
			files = (
			);
			inputPaths = (
			);
			name = "[CP] Copy Pods Resources";
			outputPaths = (
			);
			runOnlyForDeploymentPostprocessing = 0;
			shellPath = /bin/sh;
			shellScript = "\"${SRCROOT}/Pods/Target Support Files/Pods-ADSlidePanelsDemo/Pods-ADSlidePanelsDemo-resources.sh\"\n";
			showEnvVarsInLog = 0;
		};
		85A8CBB38911B16D139579C6 /* [CP] Embed Pods Frameworks */ = {
			isa = PBXShellScriptBuildPhase;
			buildActionMask = 2147483647;
			files = (
			);
			inputPaths = (
			);
			name = "[CP] Embed Pods Frameworks";
			outputPaths = (
			);
			runOnlyForDeploymentPostprocessing = 0;
			shellPath = /bin/sh;
			shellScript = "\"${SRCROOT}/Pods/Target Support Files/Pods-ADSlidePanelsDemo/Pods-ADSlidePanelsDemo-frameworks.sh\"\n";
			showEnvVarsInLog = 0;
		};
		90B514396EE6EF6575835631 /* [CP] Check Pods Manifest.lock */ = {
			isa = PBXShellScriptBuildPhase;
			buildActionMask = 2147483647;
			files = (
			);
			inputPaths = (
			);
			name = "[CP] Check Pods Manifest.lock";
			outputPaths = (
			);
			runOnlyForDeploymentPostprocessing = 0;
			shellPath = /bin/sh;
			shellScript = "diff \"${PODS_ROOT}/../Podfile.lock\" \"${PODS_ROOT}/Manifest.lock\" > /dev/null\nif [ $? != 0 ] ; then\n    # print error to STDERR\n    echo \"error: The sandbox is not in sync with the Podfile.lock. Run 'pod install' or update your CocoaPods installation.\" >&2\n    exit 1\nfi\n";
			showEnvVarsInLog = 0;
		};
/* End PBXShellScriptBuildPhase section */

/* Begin PBXSourcesBuildPhase section */
		DF8FB5D31E35545B002322CB /* Sources */ = {
			isa = PBXSourcesBuildPhase;
			buildActionMask = 2147483647;
			files = (
				DF8FB5DD1E35545B002322CB /* ViewController.swift in Sources */,
				DF8FB5DB1E35545B002322CB /* AppDelegate.swift in Sources */,
			);
			runOnlyForDeploymentPostprocessing = 0;
		};
/* End PBXSourcesBuildPhase section */

/* Begin PBXVariantGroup section */
		DF8FB5DE1E35545B002322CB /* Main.storyboard */ = {
			isa = PBXVariantGroup;
			children = (
				DF8FB5DF1E35545B002322CB /* Base */,
			);
			name = Main.storyboard;
			sourceTree = "<group>";
		};
		DF8FB5E31E35545B002322CB /* LaunchScreen.storyboard */ = {
			isa = PBXVariantGroup;
			children = (
				DF8FB5E41E35545B002322CB /* Base */,
			);
			name = LaunchScreen.storyboard;
			sourceTree = "<group>";
		};
/* End PBXVariantGroup section */

/* Begin XCBuildConfiguration section */
		DF8FB5E71E35545C002322CB /* Debug */ = {
			isa = XCBuildConfiguration;
			buildSettings = {
				ALWAYS_SEARCH_USER_PATHS = NO;
				CLANG_ANALYZER_NONNULL = YES;
				CLANG_CXX_LANGUAGE_STANDARD = "gnu++0x";
				CLANG_CXX_LIBRARY = "libc++";
				CLANG_ENABLE_MODULES = YES;
				CLANG_ENABLE_OBJC_ARC = YES;
				CLANG_WARN_BOOL_CONVERSION = YES;
				CLANG_WARN_CONSTANT_CONVERSION = YES;
				CLANG_WARN_DIRECT_OBJC_ISA_USAGE = YES_ERROR;
				CLANG_WARN_DOCUMENTATION_COMMENTS = YES;
				CLANG_WARN_EMPTY_BODY = YES;
				CLANG_WARN_ENUM_CONVERSION = YES;
				CLANG_WARN_INFINITE_RECURSION = YES;
				CLANG_WARN_INT_CONVERSION = YES;
				CLANG_WARN_OBJC_ROOT_CLASS = YES_ERROR;
				CLANG_WARN_SUSPICIOUS_MOVE = YES;
				CLANG_WARN_UNREACHABLE_CODE = YES;
				CLANG_WARN__DUPLICATE_METHOD_MATCH = YES;
				"CODE_SIGN_IDENTITY[sdk=iphoneos*]" = "iPhone Developer";
				COPY_PHASE_STRIP = NO;
				DEBUG_INFORMATION_FORMAT = dwarf;
				ENABLE_STRICT_OBJC_MSGSEND = YES;
				ENABLE_TESTABILITY = YES;
				GCC_C_LANGUAGE_STANDARD = gnu99;
				GCC_DYNAMIC_NO_PIC = NO;
				GCC_NO_COMMON_BLOCKS = YES;
				GCC_OPTIMIZATION_LEVEL = 0;
				GCC_PREPROCESSOR_DEFINITIONS = (
					"DEBUG=1",
					"$(inherited)",
				);
				GCC_WARN_64_TO_32_BIT_CONVERSION = YES;
				GCC_WARN_ABOUT_RETURN_TYPE = YES_ERROR;
				GCC_WARN_UNDECLARED_SELECTOR = YES;
				GCC_WARN_UNINITIALIZED_AUTOS = YES_AGGRESSIVE;
				GCC_WARN_UNUSED_FUNCTION = YES;
				GCC_WARN_UNUSED_VARIABLE = YES;
				IPHONEOS_DEPLOYMENT_TARGET = 10.2;
				MTL_ENABLE_DEBUG_INFO = YES;
				ONLY_ACTIVE_ARCH = YES;
				SDKROOT = iphoneos;
				SWIFT_ACTIVE_COMPILATION_CONDITIONS = DEBUG;
				SWIFT_OPTIMIZATION_LEVEL = "-Onone";
				TARGETED_DEVICE_FAMILY = "1,2";
			};
			name = Debug;
		};
		DF8FB5E81E35545C002322CB /* Release */ = {
			isa = XCBuildConfiguration;
			buildSettings = {
				ALWAYS_SEARCH_USER_PATHS = NO;
				CLANG_ANALYZER_NONNULL = YES;
				CLANG_CXX_LANGUAGE_STANDARD = "gnu++0x";
				CLANG_CXX_LIBRARY = "libc++";
				CLANG_ENABLE_MODULES = YES;
				CLANG_ENABLE_OBJC_ARC = YES;
				CLANG_WARN_BOOL_CONVERSION = YES;
				CLANG_WARN_CONSTANT_CONVERSION = YES;
				CLANG_WARN_DIRECT_OBJC_ISA_USAGE = YES_ERROR;
				CLANG_WARN_DOCUMENTATION_COMMENTS = YES;
				CLANG_WARN_EMPTY_BODY = YES;
				CLANG_WARN_ENUM_CONVERSION = YES;
				CLANG_WARN_INFINITE_RECURSION = YES;
				CLANG_WARN_INT_CONVERSION = YES;
				CLANG_WARN_OBJC_ROOT_CLASS = YES_ERROR;
				CLANG_WARN_SUSPICIOUS_MOVE = YES;
				CLANG_WARN_UNREACHABLE_CODE = YES;
				CLANG_WARN__DUPLICATE_METHOD_MATCH = YES;
				"CODE_SIGN_IDENTITY[sdk=iphoneos*]" = "iPhone Developer";
				COPY_PHASE_STRIP = NO;
				DEBUG_INFORMATION_FORMAT = "dwarf-with-dsym";
				ENABLE_NS_ASSERTIONS = NO;
				ENABLE_STRICT_OBJC_MSGSEND = YES;
				GCC_C_LANGUAGE_STANDARD = gnu99;
				GCC_NO_COMMON_BLOCKS = YES;
				GCC_WARN_64_TO_32_BIT_CONVERSION = YES;
				GCC_WARN_ABOUT_RETURN_TYPE = YES_ERROR;
				GCC_WARN_UNDECLARED_SELECTOR = YES;
				GCC_WARN_UNINITIALIZED_AUTOS = YES_AGGRESSIVE;
				GCC_WARN_UNUSED_FUNCTION = YES;
				GCC_WARN_UNUSED_VARIABLE = YES;
				IPHONEOS_DEPLOYMENT_TARGET = 10.2;
				MTL_ENABLE_DEBUG_INFO = NO;
				SDKROOT = iphoneos;
				SWIFT_OPTIMIZATION_LEVEL = "-Owholemodule";
				TARGETED_DEVICE_FAMILY = "1,2";
				VALIDATE_PRODUCT = YES;
			};
			name = Release;
		};
		DF8FB5EA1E35545C002322CB /* Debug */ = {
			isa = XCBuildConfiguration;
			baseConfigurationReference = FA683BDCC11676A5D0E50B12 /* Pods-ADSlidePanelsDemo.debug.xcconfig */;
			buildSettings = {
				ASSETCATALOG_COMPILER_APPICON_NAME = AppIcon;
				INFOPLIST_FILE = ADSlidePanelsDemo/Info.plist;
				LD_RUNPATH_SEARCH_PATHS = "$(inherited) @executable_path/Frameworks";
				PRODUCT_BUNDLE_IDENTIFIER = com.altimetrik.ADSlidePanelsDemo;
				PRODUCT_NAME = "$(TARGET_NAME)";
				SWIFT_VERSION = 3.0;
			};
			name = Debug;
		};
		DF8FB5EB1E35545C002322CB /* Release */ = {
			isa = XCBuildConfiguration;
			baseConfigurationReference = 93EE0B00DE78886C253936F5 /* Pods-ADSlidePanelsDemo.release.xcconfig */;
			buildSettings = {
				ASSETCATALOG_COMPILER_APPICON_NAME = AppIcon;
				INFOPLIST_FILE = ADSlidePanelsDemo/Info.plist;
				LD_RUNPATH_SEARCH_PATHS = "$(inherited) @executable_path/Frameworks";
				PRODUCT_BUNDLE_IDENTIFIER = com.altimetrik.ADSlidePanelsDemo;
				PRODUCT_NAME = "$(TARGET_NAME)";
				SWIFT_VERSION = 3.0;
			};
			name = Release;
		};
/* End XCBuildConfiguration section */

/* Begin XCConfigurationList section */
		DF8FB5D21E35545B002322CB /* Build configuration list for PBXProject "ADSlidePanelsDemo" */ = {
			isa = XCConfigurationList;
			buildConfigurations = (
				DF8FB5E71E35545C002322CB /* Debug */,
				DF8FB5E81E35545C002322CB /* Release */,
			);
			defaultConfigurationIsVisible = 0;
			defaultConfigurationName = Release;
		};
		DF8FB5E91E35545C002322CB /* Build configuration list for PBXNativeTarget "ADSlidePanelsDemo" */ = {
			isa = XCConfigurationList;
			buildConfigurations = (
				DF8FB5EA1E35545C002322CB /* Debug */,
				DF8FB5EB1E35545C002322CB /* Release */,
			);
			defaultConfigurationIsVisible = 0;
		};
/* End XCConfigurationList section */
	};
	rootObject = DF8FB5CF1E35545B002322CB /* Project object */;
}
